
Microsoft Visual Studio Solution File, Format Version 12.00
# Visual Studio Version 16
VisualStudioVersion = 16.0.30907.101
MinimumVisualStudioVersion = 10.0.40219.1
Project("{FAE04EC0-301F-11D3-BF4B-00C04F79EFBC}") = "IHM_UselessWave.Api", "IHM_UselessWave.Api\IHM_UselessWave.Api.csproj", "{D2A5D4E2-E57E-4D78-8087-BFD144CAB883}"
EndProject
Global
	GlobalSection(SolutionConfigurationPlatforms) = preSolution
		Debug|Any CPU = Debug|Any CPU
		Release|Any CPU = Release|Any CPU
	EndGlobalSection
	GlobalSection(ProjectConfigurationPlatforms) = postSolution
		{D2A5D4E2-E57E-4D78-8087-BFD144CAB883}.Debug|Any CPU.ActiveCfg = Debug|Any CPU
		{D2A5D4E2-E57E-4D78-8087-BFD144CAB883}.Debug|Any CPU.Build.0 = Debug|Any CPU
		{D2A5D4E2-E57E-4D78-8087-BFD144CAB883}.Release|Any CPU.ActiveCfg = Release|Any CPU
		{D2A5D4E2-E57E-4D78-8087-BFD144CAB883}.Release|Any CPU.Build.0 = Release|Any CPU
	EndGlobalSection
	GlobalSection(SolutionProperties) = preSolution
		HideSolutionNode = FALSE
	EndGlobalSection
	GlobalSection(ExtensibilityGlobals) = postSolution
		SolutionGuid = {4161BECF-1363-4712-AFB4-8D4E5A79BC7C}
	EndGlobalSection
EndGlobal
